// !$*UTF8*$!
{
	archiveVersion = 1;
	classes = {
	};
	objectVersion = 46;
	objects = {

/* Begin PBXBuildFile section */
		C5A2C5781AE9B01600464AD4 /* AppDelegate.swift in Sources */ = {isa = PBXBuildFile; fileRef = C5A2C5771AE9B01600464AD4 /* AppDelegate.swift */; };
		C5A2C57A1AE9B01600464AD4 /* ViewController.swift in Sources */ = {isa = PBXBuildFile; fileRef = C5A2C5791AE9B01600464AD4 /* ViewController.swift */; };
		C5A2C57D1AE9B01600464AD4 /* Main.storyboard in Resources */ = {isa = PBXBuildFile; fileRef = C5A2C57B1AE9B01600464AD4 /* Main.storyboard */; };
		C5A2C57F1AE9B01600464AD4 /* Images.xcassets in Resources */ = {isa = PBXBuildFile; fileRef = C5A2C57E1AE9B01600464AD4 /* Images.xcassets */; };
		C5A2C5821AE9B01600464AD4 /* LaunchScreen.xib in Resources */ = {isa = PBXBuildFile; fileRef = C5A2C5801AE9B01600464AD4 /* LaunchScreen.xib */; };
		C5A2C58E1AE9B01600464AD4 /* BlurMyPhotoTests.swift in Sources */ = {isa = PBXBuildFile; fileRef = C5A2C58D1AE9B01600464AD4 /* BlurMyPhotoTests.swift */; };
/* End PBXBuildFile section */

/* Begin PBXContainerItemProxy section */
		C5A2C5881AE9B01600464AD4 /* PBXContainerItemProxy */ = {
			isa = PBXContainerItemProxy;
			containerPortal = C5A2C56A1AE9B01600464AD4 /* Project object */;
			proxyType = 1;
			remoteGlobalIDString = C5A2C5711AE9B01600464AD4;
			remoteInfo = BlurMyPhoto;
		};
/* End PBXContainerItemProxy section */

/* Begin PBXFileReference section */
		C5A2C5721AE9B01600464AD4 /* BlurMyPhoto.app */ = {isa = PBXFileReference; explicitFileType = wrapper.application; includeInIndex = 0; path = BlurMyPhoto.app; sourceTree = BUILT_PRODUCTS_DIR; };
		C5A2C5761AE9B01600464AD4 /* Info.plist */ = {isa = PBXFileReference; lastKnownFileType = text.plist.xml; path = Info.plist; sourceTree = "<group>"; };
		C5A2C5771AE9B01600464AD4 /* AppDelegate.swift */ = {isa = PBXFileReference; lastKnownFileType = sourcecode.swift; path = AppDelegate.swift; sourceTree = "<group>"; };
		C5A2C5791AE9B01600464AD4 /* ViewController.swift */ = {isa = PBXFileReference; lastKnownFileType = sourcecode.swift; path = ViewController.swift; sourceTree = "<group>"; };
		C5A2C57C1AE9B01600464AD4 /* Base */ = {isa = PBXFileReference; lastKnownFileType = file.storyboard; name = Base; path = Base.lproj/Main.storyboard; sourceTree = "<group>"; };
		C5A2C57E1AE9B01600464AD4 /* Images.xcassets */ = {isa = PBXFileReference; lastKnownFileType = folder.assetcatalog; path = Images.xcassets; sourceTree = "<group>"; };
		C5A2C5811AE9B01600464AD4 /* Base */ = {isa = PBXFileReference; lastKnownFileType = file.xib; name = Base; path = Base.lproj/LaunchScreen.xib; sourceTree = "<group>"; };
		C5A2C5871AE9B01600464AD4 /* BlurMyPhotoTests.xctest */ = {isa = PBXFileReference; explicitFileType = wrapper.cfbundle; includeInIndex = 0; path = BlurMyPhotoTests.xctest; sourceTree = BUILT_PRODUCTS_DIR; };
		C5A2C58C1AE9B01600464AD4 /* Info.plist */ = {isa = PBXFileReference; lastKnownFileType = text.plist.xml; path = Info.plist; sourceTree = "<group>"; };
		C5A2C58D1AE9B01600464AD4 /* BlurMyPhotoTests.swift */ = {isa = PBXFileReference; lastKnownFileType = sourcecode.swift; path = BlurMyPhotoTests.swift; sourceTree = "<group>"; };
/* End PBXFileReference section */

/* Begin PBXFrameworksBuildPhase section */
		C5A2C56F1AE9B01600464AD4 /* Frameworks */ = {
			isa = PBXFrameworksBuildPhase;
			buildActionMask = 2147483647;
			files = (
			);
			runOnlyForDeploymentPostprocessing = 0;
		};
		C5A2C5841AE9B01600464AD4 /* Frameworks */ = {
			isa = PBXFrameworksBuildPhase;
			buildActionMask = 2147483647;
			files = (
			);
			runOnlyForDeploymentPostprocessing = 0;
		};
/* End PBXFrameworksBuildPhase section */

/* Begin PBXGroup section */
		C5A2C5691AE9B01600464AD4 = {
			isa = PBXGroup;
			children = (
				C5A2C5741AE9B01600464AD4 /* BlurMyPhoto */,
				C5A2C58A1AE9B01600464AD4 /* BlurMyPhotoTests */,
				C5A2C5731AE9B01600464AD4 /* Products */,
			);
			sourceTree = "<group>";
		};
		C5A2C5731AE9B01600464AD4 /* Products */ = {
			isa = PBXGroup;
			children = (
				C5A2C5721AE9B01600464AD4 /* BlurMyPhoto.app */,
				C5A2C5871AE9B01600464AD4 /* BlurMyPhotoTests.xctest */,
			);
			name = Products;
			sourceTree = "<group>";
		};
		C5A2C5741AE9B01600464AD4 /* BlurMyPhoto */ = {
			isa = PBXGroup;
			children = (
				C5A2C5771AE9B01600464AD4 /* AppDelegate.swift */,
				C5A2C5791AE9B01600464AD4 /* ViewController.swift */,
				C5A2C57B1AE9B01600464AD4 /* Main.storyboard */,
				C5A2C57E1AE9B01600464AD4 /* Images.xcassets */,
				C5A2C5801AE9B01600464AD4 /* LaunchScreen.xib */,
				C5A2C5751AE9B01600464AD4 /* Supporting Files */,
			);
			path = BlurMyPhoto;
			sourceTree = "<group>";
		};
		C5A2C5751AE9B01600464AD4 /* Supporting Files */ = {
			isa = PBXGroup;
			children = (
				C5A2C5761AE9B01600464AD4 /* Info.plist */,
			);
			name = "Supporting Files";
			sourceTree = "<group>";
		};
		C5A2C58A1AE9B01600464AD4 /* BlurMyPhotoTests */ = {
			isa = PBXGroup;
			children = (
				C5A2C58D1AE9B01600464AD4 /* BlurMyPhotoTests.swift */,
				C5A2C58B1AE9B01600464AD4 /* Supporting Files */,
			);
			path = BlurMyPhotoTests;
			sourceTree = "<group>";
		};
		C5A2C58B1AE9B01600464AD4 /* Supporting Files */ = {
			isa = PBXGroup;
			children = (
				C5A2C58C1AE9B01600464AD4 /* Info.plist */,
			);
			name = "Supporting Files";
			sourceTree = "<group>";
		};
/* End PBXGroup section */

/* Begin PBXNativeTarget section */
		C5A2C5711AE9B01600464AD4 /* BlurMyPhoto */ = {
			isa = PBXNativeTarget;
			buildConfigurationList = C5A2C5911AE9B01600464AD4 /* Build configuration list for PBXNativeTarget "BlurMyPhoto" */;
			buildPhases = (
				C5A2C56E1AE9B01600464AD4 /* Sources */,
				C5A2C56F1AE9B01600464AD4 /* Frameworks */,
				C5A2C5701AE9B01600464AD4 /* Resources */,
			);
			buildRules = (
			);
			dependencies = (
			);
			name = BlurMyPhoto;
			productName = BlurMyPhoto;
			productReference = C5A2C5721AE9B01600464AD4 /* BlurMyPhoto.app */;
			productType = "com.apple.product-type.application";
		};
		C5A2C5861AE9B01600464AD4 /* BlurMyPhotoTests */ = {
			isa = PBXNativeTarget;
			buildConfigurationList = C5A2C5941AE9B01600464AD4 /* Build configuration list for PBXNativeTarget "BlurMyPhotoTests" */;
			buildPhases = (
				C5A2C5831AE9B01600464AD4 /* Sources */,
				C5A2C5841AE9B01600464AD4 /* Frameworks */,
				C5A2C5851AE9B01600464AD4 /* Resources */,
			);
			buildRules = (
			);
			dependencies = (
				C5A2C5891AE9B01600464AD4 /* PBXTargetDependency */,
			);
			name = BlurMyPhotoTests;
			productName = BlurMyPhotoTests;
			productReference = C5A2C5871AE9B01600464AD4 /* BlurMyPhotoTests.xctest */;
			productType = "com.apple.product-type.bundle.unit-test";
		};
/* End PBXNativeTarget section */

/* Begin PBXProject section */
		C5A2C56A1AE9B01600464AD4 /* Project object */ = {
			isa = PBXProject;
			attributes = {
				LastUpgradeCheck = 0620;
				ORGANIZATIONNAME = "Alexander Shive";
				TargetAttributes = {
					C5A2C5711AE9B01600464AD4 = {
						CreatedOnToolsVersion = 6.2;
					};
					C5A2C5861AE9B01600464AD4 = {
						CreatedOnToolsVersion = 6.2;
						TestTargetID = C5A2C5711AE9B01600464AD4;
					};
				};
			};
			buildConfigurationList = C5A2C56D1AE9B01600464AD4 /* Build configuration list for PBXProject "BlurMyPhoto" */;
			compatibilityVersion = "Xcode 3.2";
			developmentRegion = English;
			hasScannedForEncodings = 0;
			knownRegions = (
				en,
				Base,
			);
			mainGroup = C5A2C5691AE9B01600464AD4;
			productRefGroup = C5A2C5731AE9B01600464AD4 /* Products */;
			projectDirPath = "";
			projectRoot = "";
			targets = (
				C5A2C5711AE9B01600464AD4 /* BlurMyPhoto */,
				C5A2C5861AE9B01600464AD4 /* BlurMyPhotoTests */,
			);
		};
/* End PBXProject section */

/* Begin PBXResourcesBuildPhase section */
		C5A2C5701AE9B01600464AD4 /* Resources */ = {
			isa = PBXResourcesBuildPhase;
			buildActionMask = 2147483647;
			files = (
				C5A2C57D1AE9B01600464AD4 /* Main.storyboard in Resources */,
				C5A2C5821AE9B01600464AD4 /* LaunchScreen.xib in Resources */,
				C5A2C57F1AE9B01600464AD4 /* Images.xcassets in Resources */,
			);
			runOnlyForDeploymentPostprocessing = 0;
		};
		C5A2C5851AE9B01600464AD4 /* Resources */ = {
			isa = PBXResourcesBuildPhase;
			buildActionMask = 2147483647;
			files = (
			);
			runOnlyForDeploymentPostprocessing = 0;
		};
/* End PBXResourcesBuildPhase section */

/* Begin PBXSourcesBuildPhase section */
		C5A2C56E1AE9B01600464AD4 /* Sources */ = {
			isa = PBXSourcesBuildPhase;
			buildActionMask = 2147483647;
			files = (
				C5A2C57A1AE9B01600464AD4 /* ViewController.swift in Sources */,
				C5A2C5781AE9B01600464AD4 /* AppDelegate.swift in Sources */,
			);
			runOnlyForDeploymentPostprocessing = 0;
		};
		C5A2C5831AE9B01600464AD4 /* Sources */ = {
			isa = PBXSourcesBuildPhase;
			buildActionMask = 2147483647;
			files = (
				C5A2C58E1AE9B01600464AD4 /* BlurMyPhotoTests.swift in Sources */,
			);
			runOnlyForDeploymentPostprocessing = 0;
		};
/* End PBXSourcesBuildPhase section */

/* Begin PBXTargetDependency section */
		C5A2C5891AE9B01600464AD4 /* PBXTargetDependency */ = {
			isa = PBXTargetDependency;
			target = C5A2C5711AE9B01600464AD4 /* BlurMyPhoto */;
			targetProxy = C5A2C5881AE9B01600464AD4 /* PBXContainerItemProxy */;
		};
/* End PBXTargetDependency section */

/* Begin PBXVariantGroup section */
		C5A2C57B1AE9B01600464AD4 /* Main.storyboard */ = {
			isa = PBXVariantGroup;
			children = (
				C5A2C57C1AE9B01600464AD4 /* Base */,
			);
			name = Main.storyboard;
			sourceTree = "<group>";
		};
		C5A2C5801AE9B01600464AD4 /* LaunchScreen.xib */ = {
			isa = PBXVariantGroup;
			children = (
				C5A2C5811AE9B01600464AD4 /* Base */,
			);
			name = LaunchScreen.xib;
			sourceTree = "<group>";
		};
/* End PBXVariantGroup section */

/* Begin XCBuildConfiguration section */
		C5A2C58F1AE9B01600464AD4 /* Debug */ = {
			isa = XCBuildConfiguration;
			buildSettings = {
				ALWAYS_SEARCH_USER_PATHS = NO;
				CLANG_CXX_LANGUAGE_STANDARD = "gnu++0x";
				CLANG_CXX_LIBRARY = "libc++";
				CLANG_ENABLE_MODULES = YES;
				CLANG_ENABLE_OBJC_ARC = YES;
				CLANG_WARN_BOOL_CONVERSION = YES;
				CLANG_WARN_CONSTANT_CONVERSION = YES;
				CLANG_WARN_DIRECT_OBJC_ISA_USAGE = YES_ERROR;
				CLANG_WARN_EMPTY_BODY = YES;
				CLANG_WARN_ENUM_CONVERSION = YES;
				CLANG_WARN_INT_CONVERSION = YES;
				CLANG_WARN_OBJC_ROOT_CLASS = YES_ERROR;
				CLANG_WARN_UNREACHABLE_CODE = YES;
				CLANG_WARN__DUPLICATE_METHOD_MATCH = YES;
				"CODE_SIGN_IDENTITY[sdk=iphoneos*]" = "iPhone Developer";
				COPY_PHASE_STRIP = NO;
				ENABLE_STRICT_OBJC_MSGSEND = YES;
				GCC_C_LANGUAGE_STANDARD = gnu99;
				GCC_DYNAMIC_NO_PIC = NO;
				GCC_OPTIMIZATION_LEVEL = 0;
				GCC_PREPROCESSOR_DEFINITIONS = (
					"DEBUG=1",
					"$(inherited)",
				);
				GCC_SYMBOLS_PRIVATE_EXTERN = NO;
				GCC_WARN_64_TO_32_BIT_CONVERSION = YES;
				GCC_WARN_ABOUT_RETURN_TYPE = YES_ERROR;
				GCC_WARN_UNDECLARED_SELECTOR = YES;
				GCC_WARN_UNINITIALIZED_AUTOS = YES_AGGRESSIVE;
				GCC_WARN_UNUSED_FUNCTION = YES;
				GCC_WARN_UNUSED_VARIABLE = YES;
				IPHONEOS_DEPLOYMENT_TARGET = 8.2;
				MTL_ENABLE_DEBUG_INFO = YES;
				ONLY_ACTIVE_ARCH = YES;
				SDKROOT = iphoneos;
				SWIFT_OPTIMIZATION_LEVEL = "-Onone";
				TARGETED_DEVICE_FAMILY = "1,2";
			};
			name = Debug;
		};
		C5A2C5901AE9B01600464AD4 /* Release */ = {
			isa = XCBuildConfiguration;
			buildSettings = {
				ALWAYS_SEARCH_USER_PATHS = NO;
				CLANG_CXX_LANGUAGE_STANDARD = "gnu++0x";
				CLANG_CXX_LIBRARY = "libc++";
				CLANG_ENABLE_MODULES = YES;
				CLANG_ENABLE_OBJC_ARC = YES;
				CLANG_WARN_BOOL_CONVERSION = YES;
				CLANG_WARN_CONSTANT_CONVERSION = YES;
				CLANG_WARN_DIRECT_OBJC_ISA_USAGE = YES_ERROR;
				CLANG_WARN_EMPTY_BODY = YES;
				CLANG_WARN_ENUM_CONVERSION = YES;
				CLANG_WARN_INT_CONVERSION = YES;
				CLANG_WARN_OBJC_ROOT_CLASS = YES_ERROR;
				CLANG_WARN_UNREACHABLE_CODE = YES;
				CLANG_WARN__DUPLICATE_METHOD_MATCH = YES;
				"CODE_SIGN_IDENTITY[sdk=iphoneos*]" = "iPhone Developer";
				COPY_PHASE_STRIP = NO;
				ENABLE_NS_ASSERTIONS = NO;
				ENABLE_STRICT_OBJC_MSGSEND = YES;
				GCC_C_LANGUAGE_STANDARD = gnu99;
				GCC_WARN_64_TO_32_BIT_CONVERSION = YES;
				GCC_WARN_ABOUT_RETURN_TYPE = YES_ERROR;
				GCC_WARN_UNDECLARED_SELECTOR = YES;
				GCC_WARN_UNINITIALIZED_AUTOS = YES_AGGRESSIVE;
				GCC_WARN_UNUSED_FUNCTION = YES;
				GCC_WARN_UNUSED_VARIABLE = YES;
				IPHONEOS_DEPLOYMENT_TARGET = 8.2;
				MTL_ENABLE_DEBUG_INFO = NO;
				SDKROOT = iphoneos;
				TARGETED_DEVICE_FAMILY = "1,2";
				VALIDATE_PRODUCT = YES;
			};
			name = Release;
		};
		C5A2C5921AE9B01600464AD4 /* Debug */ = {
			isa = XCBuildConfiguration;
			buildSettings = {
				ASSETCATALOG_COMPILER_APPICON_NAME = AppIcon;
				INFOPLIST_FILE = BlurMyPhoto/Info.plist;
				IPHONEOS_DEPLOYMENT_TARGET = 8.2;
				LD_RUNPATH_SEARCH_PATHS = "$(inherited) @executable_path/Frameworks";
				PRODUCT_NAME = "$(TARGET_NAME)";
			};
			name = Debug;
		};
		C5A2C5931AE9B01600464AD4 /* Release */ = {
			isa = XCBuildConfiguration;
			buildSettings = {
				ASSETCATALOG_COMPILER_APPICON_NAME = AppIcon;
				INFOPLIST_FILE = BlurMyPhoto/Info.plist;
				IPHONEOS_DEPLOYMENT_TARGET = 8.2;
				LD_RUNPATH_SEARCH_PATHS = "$(inherited) @executable_path/Frameworks";
				PRODUCT_NAME = "$(TARGET_NAME)";
			};
			name = Release;
		};
		C5A2C5951AE9B01600464AD4 /* Debug */ = {
			isa = XCBuildConfiguration;
			buildSettings = {
				BUNDLE_LOADER = "$(TEST_HOST)";
				FRAMEWORK_SEARCH_PATHS = (
					"$(SDKROOT)/Developer/Library/Frameworks",
					"$(inherited)",
				);
				GCC_PREPROCESSOR_DEFINITIONS = (
					"DEBUG=1",
					"$(inherited)",
				);
				INFOPLIST_FILE = BlurMyPhotoTests/Info.plist;
				LD_RUNPATH_SEARCH_PATHS = "$(inherited) @executable_path/Frameworks @loader_path/Frameworks";
				PRODUCT_NAME = "$(TARGET_NAME)";
				TEST_HOST = "$(BUILT_PRODUCTS_DIR)/BlurMyPhoto.app/BlurMyPhoto";
			};
			name = Debug;
		};
		C5A2C5961AE9B01600464AD4 /* Release */ = {
			isa = XCBuildConfiguration;
			buildSettings = {
				BUNDLE_LOADER = "$(TEST_HOST)";
				FRAMEWORK_SEARCH_PATHS = (
					"$(SDKROOT)/Developer/Library/Frameworks",
					"$(inherited)",
				);
				INFOPLIST_FILE = BlurMyPhotoTests/Info.plist;
				LD_RUNPATH_SEARCH_PATHS = "$(inherited) @executable_path/Frameworks @loader_path/Frameworks";
				PRODUCT_NAME = "$(TARGET_NAME)";
				TEST_HOST = "$(BUILT_PRODUCTS_DIR)/BlurMyPhoto.app/BlurMyPhoto";
			};
			name = Release;
		};
/* End XCBuildConfiguration section */

/* Begin XCConfigurationList section */
		C5A2C56D1AE9B01600464AD4 /* Build configuration list for PBXProject "BlurMyPhoto" */ = {
			isa = XCConfigurationList;
			buildConfigurations = (
				C5A2C58F1AE9B01600464AD4 /* Debug */,
				C5A2C5901AE9B01600464AD4 /* Release */,
			);
			defaultConfigurationIsVisible = 0;
			defaultConfigurationName = Release;
		};
		C5A2C5911AE9B01600464AD4 /* Build configuration list for PBXNativeTarget "BlurMyPhoto" */ = {
			isa = XCConfigurationList;
			buildConfigurations = (
				C5A2C5921AE9B01600464AD4 /* Debug */,
				C5A2C5931AE9B01600464AD4 /* Release */,
			);
			defaultConfigurationIsVisible = 0;
		};
		C5A2C5941AE9B01600464AD4 /* Build configuration list for PBXNativeTarget "BlurMyPhotoTests" */ = {
			isa = XCConfigurationList;
			buildConfigurations = (
				C5A2C5951AE9B01600464AD4 /* Debug */,
				C5A2C5961AE9B01600464AD4 /* Release */,
			);
			defaultConfigurationIsVisible = 0;
		};
/* End XCConfigurationList section */
	};
	rootObject = C5A2C56A1AE9B01600464AD4 /* Project object */;
}
